
Microsoft Visual Studio Solution File, Format Version 12.00
# Visual Studio Version 17
VisualStudioVersion = 17.1.32319.34
MinimumVisualStudioVersion = 10.0.40219.1
Project("{FAE04EC0-301F-11D3-BF4B-00C04F79EFBC}") = "licoreriamobile.Android", "licoreriamobile\licoreriamobile.Android\licoreriamobile.Android.csproj", "{65C2BCD5-8904-459B-9A4E-C5646BBABDB1}"
EndProject
Project("{FAE04EC0-301F-11D3-BF4B-00C04F79EFBC}") = "licoreriamobile.iOS", "licoreriamobile\licoreriamobile.iOS\licoreriamobile.iOS.csproj", "{B2815692-A554-4C59-B3A8-A84226FF3104}"
EndProject
Project("{FAE04EC0-301F-11D3-BF4B-00C04F79EFBC}") = "licoreriamobile", "licoreriamobile\licoreriamobile\licoreriamobile.csproj", "{66EE2DEA-6CEB-44BD-BA56-046EC3C8F62E}"
EndProject
Global
	GlobalSection(SolutionConfigurationPlatforms) = preSolution
		Debug|Any CPU = Debug|Any CPU
		Debug|iPhone = Debug|iPhone
		Debug|iPhoneSimulator = Debug|iPhoneSimulator
		Release|Any CPU = Release|Any CPU
		Release|iPhone = Release|iPhone
		Release|iPhoneSimulator = Release|iPhoneSimulator
	EndGlobalSection
	GlobalSection(ProjectConfigurationPlatforms) = postSolution
		{65C2BCD5-8904-459B-9A4E-C5646BBABDB1}.Debug|Any CPU.ActiveCfg = Debug|Any CPU
		{65C2BCD5-8904-459B-9A4E-C5646BBABDB1}.Debug|Any CPU.Build.0 = Debug|Any CPU
		{65C2BCD5-8904-459B-9A4E-C5646BBABDB1}.Debug|Any CPU.Deploy.0 = Debug|Any CPU
		{65C2BCD5-8904-459B-9A4E-C5646BBABDB1}.Debug|iPhone.ActiveCfg = Debug|Any CPU
		{65C2BCD5-8904-459B-9A4E-C5646BBABDB1}.Debug|iPhone.Build.0 = Debug|Any CPU
		{65C2BCD5-8904-459B-9A4E-C5646BBABDB1}.Debug|iPhone.Deploy.0 = Debug|Any CPU
		{65C2BCD5-8904-459B-9A4E-C5646BBABDB1}.Debug|iPhoneSimulator.ActiveCfg = Debug|Any CPU
		{65C2BCD5-8904-459B-9A4E-C5646BBABDB1}.Debug|iPhoneSimulator.Build.0 = Debug|Any CPU
		{65C2BCD5-8904-459B-9A4E-C5646BBABDB1}.Debug|iPhoneSimulator.Deploy.0 = Debug|Any CPU
		{65C2BCD5-8904-459B-9A4E-C5646BBABDB1}.Release|Any CPU.ActiveCfg = Release|Any CPU
		{65C2BCD5-8904-459B-9A4E-C5646BBABDB1}.Release|Any CPU.Build.0 = Release|Any CPU
		{65C2BCD5-8904-459B-9A4E-C5646BBABDB1}.Release|Any CPU.Deploy.0 = Release|Any CPU
		{65C2BCD5-8904-459B-9A4E-C5646BBABDB1}.Release|iPhone.ActiveCfg = Release|Any CPU
		{65C2BCD5-8904-459B-9A4E-C5646BBABDB1}.Release|iPhone.Build.0 = Release|Any CPU
		{65C2BCD5-8904-459B-9A4E-C5646BBABDB1}.Release|iPhone.Deploy.0 = Release|Any CPU
		{65C2BCD5-8904-459B-9A4E-C5646BBABDB1}.Release|iPhoneSimulator.ActiveCfg = Release|Any CPU
		{65C2BCD5-8904-459B-9A4E-C5646BBABDB1}.Release|iPhoneSimulator.Build.0 = Release|Any CPU
		{65C2BCD5-8904-459B-9A4E-C5646BBABDB1}.Release|iPhoneSimulator.Deploy.0 = Release|Any CPU
		{B2815692-A554-4C59-B3A8-A84226FF3104}.Debug|Any CPU.ActiveCfg = Debug|iPhone
		{B2815692-A554-4C59-B3A8-A84226FF3104}.Debug|Any CPU.Build.0 = Debug|iPhone
		{B2815692-A554-4C59-B3A8-A84226FF3104}.Debug|Any CPU.Deploy.0 = Debug|iPhone
		{B2815692-A554-4C59-B3A8-A84226FF3104}.Debug|iPhone.ActiveCfg = Debug|iPhone
		{B2815692-A554-4C59-B3A8-A84226FF3104}.Debug|iPhone.Build.0 = Debug|iPhone
		{B2815692-A554-4C59-B3A8-A84226FF3104}.Debug|iPhone.Deploy.0 = Debug|iPhone
		{B2815692-A554-4C59-B3A8-A84226FF3104}.Debug|iPhoneSimulator.ActiveCfg = Debug|iPhoneSimulator
		{B2815692-A554-4C59-B3A8-A84226FF3104}.Debug|iPhoneSimulator.Build.0 = Debug|iPhoneSimulator
		{B2815692-A554-4C59-B3A8-A84226FF3104}.Debug|iPhoneSimulator.Deploy.0 = Debug|iPhoneSimulator
		{B2815692-A554-4C59-B3A8-A84226FF3104}.Release|Any CPU.ActiveCfg = Release|iPhoneSimulator
		{B2815692-A554-4C59-B3A8-A84226FF3104}.Release|Any CPU.Build.0 = Release|iPhoneSimulator
		{B2815692-A554-4C59-B3A8-A84226FF3104}.Release|Any CPU.Deploy.0 = Release|iPhoneSimulator
		{B2815692-A554-4C59-B3A8-A84226FF3104}.Release|iPhone.ActiveCfg = Release|iPhone
		{B2815692-A554-4C59-B3A8-A84226FF3104}.Release|iPhone.Build.0 = Release|iPhone
		{B2815692-A554-4C59-B3A8-A84226FF3104}.Release|iPhone.Deploy.0 = Release|iPhone
		{B2815692-A554-4C59-B3A8-A84226FF3104}.Release|iPhoneSimulator.ActiveCfg = Release|iPhoneSimulator
		{B2815692-A554-4C59-B3A8-A84226FF3104}.Release|iPhoneSimulator.Build.0 = Release|iPhoneSimulator
		{B2815692-A554-4C59-B3A8-A84226FF3104}.Release|iPhoneSimulator.Deploy.0 = Release|iPhoneSimulator
		{66EE2DEA-6CEB-44BD-BA56-046EC3C8F62E}.Debug|Any CPU.ActiveCfg = Debug|Any CPU
		{66EE2DEA-6CEB-44BD-BA56-046EC3C8F62E}.Debug|Any CPU.Build.0 = Debug|Any CPU
		{66EE2DEA-6CEB-44BD-BA56-046EC3C8F62E}.Debug|Any CPU.Deploy.0 = Debug|Any CPU
		{66EE2DEA-6CEB-44BD-BA56-046EC3C8F62E}.Debug|iPhone.ActiveCfg = Debug|Any CPU
		{66EE2DEA-6CEB-44BD-BA56-046EC3C8F62E}.Debug|iPhone.Build.0 = Debug|Any CPU
		{66EE2DEA-6CEB-44BD-BA56-046EC3C8F62E}.Debug|iPhone.Deploy.0 = Debug|Any CPU
		{66EE2DEA-6CEB-44BD-BA56-046EC3C8F62E}.Debug|iPhoneSimulator.ActiveCfg = Debug|Any CPU
		{66EE2DEA-6CEB-44BD-BA56-046EC3C8F62E}.Debug|iPhoneSimulator.Build.0 = Debug|Any CPU
		{66EE2DEA-6CEB-44BD-BA56-046EC3C8F62E}.Debug|iPhoneSimulator.Deploy.0 = Debug|Any CPU
		{66EE2DEA-6CEB-44BD-BA56-046EC3C8F62E}.Release|Any CPU.ActiveCfg = Release|Any CPU
		{66EE2DEA-6CEB-44BD-BA56-046EC3C8F62E}.Release|Any CPU.Build.0 = Release|Any CPU
		{66EE2DEA-6CEB-44BD-BA56-046EC3C8F62E}.Release|Any CPU.Deploy.0 = Release|Any CPU
		{66EE2DEA-6CEB-44BD-BA56-046EC3C8F62E}.Release|iPhone.ActiveCfg = Release|Any CPU
		{66EE2DEA-6CEB-44BD-BA56-046EC3C8F62E}.Release|iPhone.Build.0 = Release|Any CPU
		{66EE2DEA-6CEB-44BD-BA56-046EC3C8F62E}.Release|iPhone.Deploy.0 = Release|Any CPU
		{66EE2DEA-6CEB-44BD-BA56-046EC3C8F62E}.Release|iPhoneSimulator.ActiveCfg = Release|Any CPU
		{66EE2DEA-6CEB-44BD-BA56-046EC3C8F62E}.Release|iPhoneSimulator.Build.0 = Release|Any CPU
		{66EE2DEA-6CEB-44BD-BA56-046EC3C8F62E}.Release|iPhoneSimulator.Deploy.0 = Release|Any CPU
	EndGlobalSection
	GlobalSection(SolutionProperties) = preSolution
		HideSolutionNode = FALSE
	EndGlobalSection
	GlobalSection(ExtensibilityGlobals) = postSolution
		SolutionGuid = {B14949F4-61FE-4419-81BD-1F36BF4EFA28}
	EndGlobalSection
EndGlobal
