
Microsoft Visual Studio Solution File, Format Version 12.00
# Visual Studio Version 17
VisualStudioVersion = 17.1.32319.34
MinimumVisualStudioVersion = 10.0.40219.1
Project("{FAE04EC0-301F-11D3-BF4B-00C04F79EFBC}") = "CodigosQRBarras", "CodigosQRBarras\CodigosQRBarras.csproj", "{E3CD4B2B-BE83-43C2-8745-B1FC87F5702D}"
EndProject
Global
	GlobalSection(SolutionConfigurationPlatforms) = preSolution
		Debug|Any CPU = Debug|Any CPU
		Release|Any CPU = Release|Any CPU
	EndGlobalSection
	GlobalSection(ProjectConfigurationPlatforms) = postSolution
		{E3CD4B2B-BE83-43C2-8745-B1FC87F5702D}.Debug|Any CPU.ActiveCfg = Debug|Any CPU
		{E3CD4B2B-BE83-43C2-8745-B1FC87F5702D}.Debug|Any CPU.Build.0 = Debug|Any CPU
		{E3CD4B2B-BE83-43C2-8745-B1FC87F5702D}.Release|Any CPU.ActiveCfg = Release|Any CPU
		{E3CD4B2B-BE83-43C2-8745-B1FC87F5702D}.Release|Any CPU.Build.0 = Release|Any CPU
	EndGlobalSection
	GlobalSection(SolutionProperties) = preSolution
		HideSolutionNode = FALSE
	EndGlobalSection
	GlobalSection(ExtensibilityGlobals) = postSolution
		SolutionGuid = {D921F048-4CC4-4639-BCFA-35D21F41A92F}
	EndGlobalSection
EndGlobal
